// !$*UTF8*$!
{
	archiveVersion = 1;
	classes = {
	};
	objectVersion = 46;
	objects = {

/* Begin PBXBuildFile section */
		6F531B8008FAAEA4D28D2B20 /* Pods_SampleBlock.framework in Frameworks */ = {isa = PBXBuildFile; fileRef = 1AC5E62B314A30D4C26F64E7 /* Pods_SampleBlock.framework */; };
		E243B4911E56A1CC009A94F2 /* CacheImage.swift in Sources */ = {isa = PBXBuildFile; fileRef = E243B4901E56A1CC009A94F2 /* CacheImage.swift */; };
		E243B4961E56B33F009A94F2 /* ModelItem.swift in Sources */ = {isa = PBXBuildFile; fileRef = E243B4951E56B33F009A94F2 /* ModelItem.swift */; };
		E243B4981E56D94B009A94F2 /* DetailVC.swift in Sources */ = {isa = PBXBuildFile; fileRef = E243B4971E56D94B009A94F2 /* DetailVC.swift */; };
		E24F48541E544F0000348B50 /* AppDelegate.swift in Sources */ = {isa = PBXBuildFile; fileRef = E24F48531E544F0000348B50 /* AppDelegate.swift */; };
		E24F48561E544F0000348B50 /* ViewController.swift in Sources */ = {isa = PBXBuildFile; fileRef = E24F48551E544F0000348B50 /* ViewController.swift */; };
		E24F48591E544F0000348B50 /* Main.storyboard in Resources */ = {isa = PBXBuildFile; fileRef = E24F48571E544F0000348B50 /* Main.storyboard */; };
		E24F485B1E544F0000348B50 /* Assets.xcassets in Resources */ = {isa = PBXBuildFile; fileRef = E24F485A1E544F0000348B50 /* Assets.xcassets */; };
		E24F485E1E544F0000348B50 /* LaunchScreen.storyboard in Resources */ = {isa = PBXBuildFile; fileRef = E24F485C1E544F0000348B50 /* LaunchScreen.storyboard */; };
		E24F48661E54599B00348B50 /* TableViewCell.swift in Sources */ = {isa = PBXBuildFile; fileRef = E24F48651E54599B00348B50 /* TableViewCell.swift */; };
/* End PBXBuildFile section */

/* Begin PBXFileReference section */
		1AC5E62B314A30D4C26F64E7 /* Pods_SampleBlock.framework */ = {isa = PBXFileReference; explicitFileType = wrapper.framework; includeInIndex = 0; path = Pods_SampleBlock.framework; sourceTree = BUILT_PRODUCTS_DIR; };
		79651D7711A9B94EBD7ECF08 /* Pods-SampleBlock.debug.xcconfig */ = {isa = PBXFileReference; includeInIndex = 1; lastKnownFileType = text.xcconfig; name = "Pods-SampleBlock.debug.xcconfig"; path = "Pods/Target Support Files/Pods-SampleBlock/Pods-SampleBlock.debug.xcconfig"; sourceTree = "<group>"; };
		CC731D40DB79C8E5B21592FB /* Pods-SampleBlock.release.xcconfig */ = {isa = PBXFileReference; includeInIndex = 1; lastKnownFileType = text.xcconfig; name = "Pods-SampleBlock.release.xcconfig"; path = "Pods/Target Support Files/Pods-SampleBlock/Pods-SampleBlock.release.xcconfig"; sourceTree = "<group>"; };
		E243B4901E56A1CC009A94F2 /* CacheImage.swift */ = {isa = PBXFileReference; fileEncoding = 4; lastKnownFileType = sourcecode.swift; path = CacheImage.swift; sourceTree = "<group>"; };
		E243B4921E56ACA4009A94F2 /* SampleBlock-Bridging-Header.h */ = {isa = PBXFileReference; lastKnownFileType = sourcecode.c.h; path = "SampleBlock-Bridging-Header.h"; sourceTree = "<group>"; };
		E243B4951E56B33F009A94F2 /* ModelItem.swift */ = {isa = PBXFileReference; fileEncoding = 4; lastKnownFileType = sourcecode.swift; path = ModelItem.swift; sourceTree = "<group>"; };
		E243B4971E56D94B009A94F2 /* DetailVC.swift */ = {isa = PBXFileReference; fileEncoding = 4; lastKnownFileType = sourcecode.swift; path = DetailVC.swift; sourceTree = "<group>"; };
		E24F48501E544F0000348B50 /* SampleBlock.app */ = {isa = PBXFileReference; explicitFileType = wrapper.application; includeInIndex = 0; path = SampleBlock.app; sourceTree = BUILT_PRODUCTS_DIR; };
		E24F48531E544F0000348B50 /* AppDelegate.swift */ = {isa = PBXFileReference; lastKnownFileType = sourcecode.swift; path = AppDelegate.swift; sourceTree = "<group>"; };
		E24F48551E544F0000348B50 /* ViewController.swift */ = {isa = PBXFileReference; lastKnownFileType = sourcecode.swift; path = ViewController.swift; sourceTree = "<group>"; };
		E24F48581E544F0000348B50 /* Base */ = {isa = PBXFileReference; lastKnownFileType = file.storyboard; name = Base; path = Base.lproj/Main.storyboard; sourceTree = "<group>"; };
		E24F485A1E544F0000348B50 /* Assets.xcassets */ = {isa = PBXFileReference; lastKnownFileType = folder.assetcatalog; path = Assets.xcassets; sourceTree = "<group>"; };
		E24F485D1E544F0000348B50 /* Base */ = {isa = PBXFileReference; lastKnownFileType = file.storyboard; name = Base; path = Base.lproj/LaunchScreen.storyboard; sourceTree = "<group>"; };
		E24F485F1E544F0000348B50 /* Info.plist */ = {isa = PBXFileReference; lastKnownFileType = text.plist.xml; path = Info.plist; sourceTree = "<group>"; };
		E24F48651E54599B00348B50 /* TableViewCell.swift */ = {isa = PBXFileReference; fileEncoding = 4; lastKnownFileType = sourcecode.swift; path = TableViewCell.swift; sourceTree = "<group>"; };
/* End PBXFileReference section */

/* Begin PBXFrameworksBuildPhase section */
		E24F484D1E544F0000348B50 /* Frameworks */ = {
			isa = PBXFrameworksBuildPhase;
			buildActionMask = 2147483647;
			files = (
				6F531B8008FAAEA4D28D2B20 /* Pods_SampleBlock.framework in Frameworks */,
			);
			runOnlyForDeploymentPostprocessing = 0;
		};
/* End PBXFrameworksBuildPhase section */

/* Begin PBXGroup section */
		5A42886DC61DB9EFAE3DCD2A /* Pods */ = {
			isa = PBXGroup;
			children = (
				79651D7711A9B94EBD7ECF08 /* Pods-SampleBlock.debug.xcconfig */,
				CC731D40DB79C8E5B21592FB /* Pods-SampleBlock.release.xcconfig */,
			);
			name = Pods;
			sourceTree = "<group>";
		};
		68D79E54C316BDE7CC7FC79F /* Frameworks */ = {
			isa = PBXGroup;
			children = (
				1AC5E62B314A30D4C26F64E7 /* Pods_SampleBlock.framework */,
			);
			name = Frameworks;
			sourceTree = "<group>";
		};
		E24F48471E544F0000348B50 = {
			isa = PBXGroup;
			children = (
				E24F48521E544F0000348B50 /* SampleBlock */,
				E24F48511E544F0000348B50 /* Products */,
				5A42886DC61DB9EFAE3DCD2A /* Pods */,
				68D79E54C316BDE7CC7FC79F /* Frameworks */,
			);
			sourceTree = "<group>";
		};
		E24F48511E544F0000348B50 /* Products */ = {
			isa = PBXGroup;
			children = (
				E24F48501E544F0000348B50 /* SampleBlock.app */,
			);
			name = Products;
			sourceTree = "<group>";
		};
		E24F48521E544F0000348B50 /* SampleBlock */ = {
			isa = PBXGroup;
			children = (
				E243B4951E56B33F009A94F2 /* ModelItem.swift */,
				E24F48531E544F0000348B50 /* AppDelegate.swift */,
				E24F48551E544F0000348B50 /* ViewController.swift */,
				E24F48651E54599B00348B50 /* TableViewCell.swift */,
				E243B4971E56D94B009A94F2 /* DetailVC.swift */,
				E24F48571E544F0000348B50 /* Main.storyboard */,
				E24F485A1E544F0000348B50 /* Assets.xcassets */,
				E24F485C1E544F0000348B50 /* LaunchScreen.storyboard */,
				E24F485F1E544F0000348B50 /* Info.plist */,
				E243B4901E56A1CC009A94F2 /* CacheImage.swift */,
				E243B4921E56ACA4009A94F2 /* SampleBlock-Bridging-Header.h */,
			);
			path = SampleBlock;
			sourceTree = "<group>";
		};
/* End PBXGroup section */

/* Begin PBXNativeTarget section */
		E24F484F1E544F0000348B50 /* SampleBlock */ = {
			isa = PBXNativeTarget;
			buildConfigurationList = E24F48621E544F0000348B50 /* Build configuration list for PBXNativeTarget "SampleBlock" */;
			buildPhases = (
				ABD2434B78EE44481C74AE29 /* [CP] Check Pods Manifest.lock */,
				E24F484C1E544F0000348B50 /* Sources */,
				E24F484D1E544F0000348B50 /* Frameworks */,
				E24F484E1E544F0000348B50 /* Resources */,
				AE23AB27E2D8E0962DBA2DD2 /* [CP] Embed Pods Frameworks */,
				DDF3E99961B8B8AF23371A3C /* [CP] Copy Pods Resources */,
			);
			buildRules = (
			);
			dependencies = (
			);
			name = SampleBlock;
			productName = SampleBlock;
			productReference = E24F48501E544F0000348B50 /* SampleBlock.app */;
			productType = "com.apple.product-type.application";
		};
/* End PBXNativeTarget section */

/* Begin PBXProject section */
		E24F48481E544F0000348B50 /* Project object */ = {
			isa = PBXProject;
			attributes = {
				LastSwiftUpdateCheck = 0800;
				LastUpgradeCheck = 0800;
				ORGANIZATIONNAME = techmaster;
				TargetAttributes = {
					E24F484F1E544F0000348B50 = {
						CreatedOnToolsVersion = 8.0;
						LastSwiftMigration = 0800;
						ProvisioningStyle = Automatic;
					};
				};
			};
			buildConfigurationList = E24F484B1E544F0000348B50 /* Build configuration list for PBXProject "SampleBlock" */;
			compatibilityVersion = "Xcode 3.2";
			developmentRegion = English;
			hasScannedForEncodings = 0;
			knownRegions = (
				en,
				Base,
			);
			mainGroup = E24F48471E544F0000348B50;
			productRefGroup = E24F48511E544F0000348B50 /* Products */;
			projectDirPath = "";
			projectRoot = "";
			targets = (
				E24F484F1E544F0000348B50 /* SampleBlock */,
			);
		};
/* End PBXProject section */

/* Begin PBXResourcesBuildPhase section */
		E24F484E1E544F0000348B50 /* Resources */ = {
			isa = PBXResourcesBuildPhase;
			buildActionMask = 2147483647;
			files = (
				E24F485E1E544F0000348B50 /* LaunchScreen.storyboard in Resources */,
				E24F485B1E544F0000348B50 /* Assets.xcassets in Resources */,
				E24F48591E544F0000348B50 /* Main.storyboard in Resources */,
			);
			runOnlyForDeploymentPostprocessing = 0;
		};
/* End PBXResourcesBuildPhase section */

/* Begin PBXShellScriptBuildPhase section */
		ABD2434B78EE44481C74AE29 /* [CP] Check Pods Manifest.lock */ = {
			isa = PBXShellScriptBuildPhase;
			buildActionMask = 2147483647;
			files = (
			);
			inputPaths = (
			);
			name = "[CP] Check Pods Manifest.lock";
			outputPaths = (
			);
			runOnlyForDeploymentPostprocessing = 0;
			shellPath = /bin/sh;
			shellScript = "diff \"${PODS_ROOT}/../Podfile.lock\" \"${PODS_ROOT}/Manifest.lock\" > /dev/null\nif [ $? != 0 ] ; then\n    # print error to STDERR\n    echo \"error: The sandbox is not in sync with the Podfile.lock. Run 'pod install' or update your CocoaPods installation.\" >&2\n    exit 1\nfi\n";
			showEnvVarsInLog = 0;
		};
		AE23AB27E2D8E0962DBA2DD2 /* [CP] Embed Pods Frameworks */ = {
			isa = PBXShellScriptBuildPhase;
			buildActionMask = 2147483647;
			files = (
			);
			inputPaths = (
			);
			name = "[CP] Embed Pods Frameworks";
			outputPaths = (
			);
			runOnlyForDeploymentPostprocessing = 0;
			shellPath = /bin/sh;
			shellScript = "\"${SRCROOT}/Pods/Target Support Files/Pods-SampleBlock/Pods-SampleBlock-frameworks.sh\"\n";
			showEnvVarsInLog = 0;
		};
		DDF3E99961B8B8AF23371A3C /* [CP] Copy Pods Resources */ = {
			isa = PBXShellScriptBuildPhase;
			buildActionMask = 2147483647;
			files = (
			);
			inputPaths = (
			);
			name = "[CP] Copy Pods Resources";
			outputPaths = (
			);
			runOnlyForDeploymentPostprocessing = 0;
			shellPath = /bin/sh;
			shellScript = "\"${SRCROOT}/Pods/Target Support Files/Pods-SampleBlock/Pods-SampleBlock-resources.sh\"\n";
			showEnvVarsInLog = 0;
		};
/* End PBXShellScriptBuildPhase section */

/* Begin PBXSourcesBuildPhase section */
		E24F484C1E544F0000348B50 /* Sources */ = {
			isa = PBXSourcesBuildPhase;
			buildActionMask = 2147483647;
			files = (
				E243B4961E56B33F009A94F2 /* ModelItem.swift in Sources */,
				E24F48661E54599B00348B50 /* TableViewCell.swift in Sources */,
				E24F48561E544F0000348B50 /* ViewController.swift in Sources */,
				E243B4911E56A1CC009A94F2 /* CacheImage.swift in Sources */,
				E24F48541E544F0000348B50 /* AppDelegate.swift in Sources */,
				E243B4981E56D94B009A94F2 /* DetailVC.swift in Sources */,
			);
			runOnlyForDeploymentPostprocessing = 0;
		};
/* End PBXSourcesBuildPhase section */

/* Begin PBXVariantGroup section */
		E24F48571E544F0000348B50 /* Main.storyboard */ = {
			isa = PBXVariantGroup;
			children = (
				E24F48581E544F0000348B50 /* Base */,
			);
			name = Main.storyboard;
			sourceTree = "<group>";
		};
		E24F485C1E544F0000348B50 /* LaunchScreen.storyboard */ = {
			isa = PBXVariantGroup;
			children = (
				E24F485D1E544F0000348B50 /* Base */,
			);
			name = LaunchScreen.storyboard;
			sourceTree = "<group>";
		};
/* End PBXVariantGroup section */

/* Begin XCBuildConfiguration section */
		E24F48601E544F0000348B50 /* Debug */ = {
			isa = XCBuildConfiguration;
			buildSettings = {
				ALWAYS_SEARCH_USER_PATHS = NO;
				CLANG_ANALYZER_NONNULL = YES;
				CLANG_CXX_LANGUAGE_STANDARD = "gnu++0x";
				CLANG_CXX_LIBRARY = "libc++";
				CLANG_ENABLE_MODULES = YES;
				CLANG_ENABLE_OBJC_ARC = YES;
				CLANG_WARN_BOOL_CONVERSION = YES;
				CLANG_WARN_CONSTANT_CONVERSION = YES;
				CLANG_WARN_DIRECT_OBJC_ISA_USAGE = YES_ERROR;
				CLANG_WARN_DOCUMENTATION_COMMENTS = YES;
				CLANG_WARN_EMPTY_BODY = YES;
				CLANG_WARN_ENUM_CONVERSION = YES;
				CLANG_WARN_INFINITE_RECURSION = YES;
				CLANG_WARN_INT_CONVERSION = YES;
				CLANG_WARN_OBJC_ROOT_CLASS = YES_ERROR;
				CLANG_WARN_SUSPICIOUS_MOVES = YES;
				CLANG_WARN_UNREACHABLE_CODE = YES;
				CLANG_WARN__DUPLICATE_METHOD_MATCH = YES;
				"CODE_SIGN_IDENTITY[sdk=iphoneos*]" = "iPhone Developer";
				COPY_PHASE_STRIP = NO;
				DEBUG_INFORMATION_FORMAT = dwarf;
				ENABLE_STRICT_OBJC_MSGSEND = YES;
				ENABLE_TESTABILITY = YES;
				GCC_C_LANGUAGE_STANDARD = gnu99;
				GCC_DYNAMIC_NO_PIC = NO;
				GCC_NO_COMMON_BLOCKS = YES;
				GCC_OPTIMIZATION_LEVEL = 0;
				GCC_PREPROCESSOR_DEFINITIONS = (
					"DEBUG=1",
					"$(inherited)",
				);
				GCC_WARN_64_TO_32_BIT_CONVERSION = YES;
				GCC_WARN_ABOUT_RETURN_TYPE = YES_ERROR;
				GCC_WARN_UNDECLARED_SELECTOR = YES;
				GCC_WARN_UNINITIALIZED_AUTOS = YES_AGGRESSIVE;
				GCC_WARN_UNUSED_FUNCTION = YES;
				GCC_WARN_UNUSED_VARIABLE = YES;
				IPHONEOS_DEPLOYMENT_TARGET = 10.0;
				MTL_ENABLE_DEBUG_INFO = YES;
				ONLY_ACTIVE_ARCH = YES;
				SDKROOT = iphoneos;
				SWIFT_ACTIVE_COMPILATION_CONDITIONS = DEBUG;
				SWIFT_OPTIMIZATION_LEVEL = "-Onone";
			};
			name = Debug;
		};
		E24F48611E544F0000348B50 /* Release */ = {
			isa = XCBuildConfiguration;
			buildSettings = {
				ALWAYS_SEARCH_USER_PATHS = NO;
				CLANG_ANALYZER_NONNULL = YES;
				CLANG_CXX_LANGUAGE_STANDARD = "gnu++0x";
				CLANG_CXX_LIBRARY = "libc++";
				CLANG_ENABLE_MODULES = YES;
				CLANG_ENABLE_OBJC_ARC = YES;
				CLANG_WARN_BOOL_CONVERSION = YES;
				CLANG_WARN_CONSTANT_CONVERSION = YES;
				CLANG_WARN_DIRECT_OBJC_ISA_USAGE = YES_ERROR;
				CLANG_WARN_DOCUMENTATION_COMMENTS = YES;
				CLANG_WARN_EMPTY_BODY = YES;
				CLANG_WARN_ENUM_CONVERSION = YES;
				CLANG_WARN_INFINITE_RECURSION = YES;
				CLANG_WARN_INT_CONVERSION = YES;
				CLANG_WARN_OBJC_ROOT_CLASS = YES_ERROR;
				CLANG_WARN_SUSPICIOUS_MOVES = YES;
				CLANG_WARN_UNREACHABLE_CODE = YES;
				CLANG_WARN__DUPLICATE_METHOD_MATCH = YES;
				"CODE_SIGN_IDENTITY[sdk=iphoneos*]" = "iPhone Developer";
				COPY_PHASE_STRIP = NO;
				DEBUG_INFORMATION_FORMAT = "dwarf-with-dsym";
				ENABLE_NS_ASSERTIONS = NO;
				ENABLE_STRICT_OBJC_MSGSEND = YES;
				GCC_C_LANGUAGE_STANDARD = gnu99;
				GCC_NO_COMMON_BLOCKS = YES;
				GCC_WARN_64_TO_32_BIT_CONVERSION = YES;
				GCC_WARN_ABOUT_RETURN_TYPE = YES_ERROR;
				GCC_WARN_UNDECLARED_SELECTOR = YES;
				GCC_WARN_UNINITIALIZED_AUTOS = YES_AGGRESSIVE;
				GCC_WARN_UNUSED_FUNCTION = YES;
				GCC_WARN_UNUSED_VARIABLE = YES;
				IPHONEOS_DEPLOYMENT_TARGET = 10.0;
				MTL_ENABLE_DEBUG_INFO = NO;
				SDKROOT = iphoneos;
				SWIFT_OPTIMIZATION_LEVEL = "-Owholemodule";
				VALIDATE_PRODUCT = YES;
			};
			name = Release;
		};
		E24F48631E544F0000348B50 /* Debug */ = {
			isa = XCBuildConfiguration;
			baseConfigurationReference = 79651D7711A9B94EBD7ECF08 /* Pods-SampleBlock.debug.xcconfig */;
			buildSettings = {
				ASSETCATALOG_COMPILER_APPICON_NAME = AppIcon;
				CLANG_ENABLE_MODULES = YES;
				INFOPLIST_FILE = SampleBlock/Info.plist;
				LD_RUNPATH_SEARCH_PATHS = "$(inherited) @executable_path/Frameworks";
				PRODUCT_BUNDLE_IDENTIFIER = vn.SampleBlock;
				PRODUCT_NAME = "$(TARGET_NAME)";
				SWIFT_OBJC_BRIDGING_HEADER = "SampleBlock/SampleBlock-Bridging-Header.h";
				SWIFT_OPTIMIZATION_LEVEL = "-Onone";
				SWIFT_VERSION = 3.0;
			};
			name = Debug;
		};
		E24F48641E544F0000348B50 /* Release */ = {
			isa = XCBuildConfiguration;
			baseConfigurationReference = CC731D40DB79C8E5B21592FB /* Pods-SampleBlock.release.xcconfig */;
			buildSettings = {
				ASSETCATALOG_COMPILER_APPICON_NAME = AppIcon;
				CLANG_ENABLE_MODULES = YES;
				INFOPLIST_FILE = SampleBlock/Info.plist;
				LD_RUNPATH_SEARCH_PATHS = "$(inherited) @executable_path/Frameworks";
				PRODUCT_BUNDLE_IDENTIFIER = vn.SampleBlock;
				PRODUCT_NAME = "$(TARGET_NAME)";
				SWIFT_OBJC_BRIDGING_HEADER = "SampleBlock/SampleBlock-Bridging-Header.h";
				SWIFT_VERSION = 3.0;
			};
			name = Release;
		};
/* End XCBuildConfiguration section */

/* Begin XCConfigurationList section */
		E24F484B1E544F0000348B50 /* Build configuration list for PBXProject "SampleBlock" */ = {
			isa = XCConfigurationList;
			buildConfigurations = (
				E24F48601E544F0000348B50 /* Debug */,
				E24F48611E544F0000348B50 /* Release */,
			);
			defaultConfigurationIsVisible = 0;
			defaultConfigurationName = Release;
		};
		E24F48621E544F0000348B50 /* Build configuration list for PBXNativeTarget "SampleBlock" */ = {
			isa = XCConfigurationList;
			buildConfigurations = (
				E24F48631E544F0000348B50 /* Debug */,
				E24F48641E544F0000348B50 /* Release */,
			);
			defaultConfigurationIsVisible = 0;
			defaultConfigurationName = Release;
		};
/* End XCConfigurationList section */
	};
	rootObject = E24F48481E544F0000348B50 /* Project object */;
}
